<?xml version="1.0" encoding="UTF-8" standalone="yes" ?>
<CodeBlocks_project_file>
	<FileVersion major="1" minor="6" />
	<Project>
		<Option title="Version4" />
		<Option pch_mode="2" />
		<Option compiler="gcc" />
		<Build>
			<Target title="Debug">
				<Option output="bin/Debug/Version4" prefix_auto="1" extension_auto="1" />
				<Option object_output="obj/Debug/" />
				<Option type="1" />
				<Option compiler="gcc" />
				<Compiler>
					<Add option="-g" />
				</Compiler>
			</Target>
			<Target title="Release">
				<Option output="bin/Release/Version4" prefix_auto="1" extension_auto="1" />
				<Option object_output="obj/Release/" />
				<Option type="1" />
				<Option compiler="gcc" />
				<Compiler>
					<Add option="-O2" />
				</Compiler>
				<Linker>
					<Add option="-s" />
				</Linker>
			</Target>
		</Build>
		<Compiler>
			<Add option="-Wall" />
			<Add directory="ezxml" />
			<Add directory="libdali" />
			<Add directory="libmseed" />
		</Compiler>
		<Linker>
			<Add library="ezxml/libezxml.a" />
			<Add library="libdali/libdali.a" />
			<Add library="libmseed/libmseed.a" />
		</Linker>
		<Unit filename="main.c">
			<Option compilerVar="CC" />
		</Unit>
		<Unit filename="src/mseedfilesetup.c">
			<Option compilerVar="CC" />
		</Unit>
		<Unit filename="src/mseedfilesetup.h" />
		<Unit filename="src/msrecord.c">
			<Option compilerVar="CC" />
		</Unit>
		<Unit filename="src/msrecord.h" />
		<Unit filename="src/queue.c">
			<Option compilerVar="CC" />
		</Unit>
		<Unit filename="src/queue.h" />
		<Unit filename="src/serialutils.c">
			<Option compilerVar="CC" />
		</Unit>
		<Unit filename="src/serialutils.h" />
		<Unit filename="src/utils.c">
			<Option compilerVar="CC" />
		</Unit>
		<Unit filename="src/utils.h" />
		<Extensions>
			<code_completion />
			<debugger />
		</Extensions>
	</Project>
</CodeBlocks_project_file>
